
Microsoft Visual Studio Solution File, Format Version 12.00
# Visual Studio 15
VisualStudioVersion = 15.0.26124.0
MinimumVisualStudioVersion = 15.0.26124.0
Project("{2150E333-8FDC-42A3-9474-1A3956D46DE8}") = "src", "src", "{DB06EFB9-F591-4706-A446-E4880E87A1C0}"
EndProject
Project("{FAE04EC0-301F-11D3-BF4B-00C04F79EFBC}") = "WebAppProfilersSample.MiniProfilerSample", "src\WebAppProfilersSample.MiniProfilerSample\WebAppProfilersSample.MiniProfilerSample.csproj", "{B522338D-8FA0-43C0-A8E3-3C0412A5FDD8}"
EndProject
Project("{FAE04EC0-301F-11D3-BF4B-00C04F79EFBC}") = "WebAppProfilersSample.GlimpseSample", "src\WebAppProfilersSample.GlimpseSample\WebAppProfilersSample.GlimpseSample.csproj", "{CC01480E-B00C-4FEC-9F2D-C940C91FC1DB}"
EndProject
Project("{FAE04EC0-301F-11D3-BF4B-00C04F79EFBC}") = "WebAppProfilersSample.StackifyPrefixSample", "src\WebAppProfilersSample.StackifyPrefixSample\WebAppProfilersSample.StackifyPrefixSample.csproj", "{933F99BD-C332-43D1-AE9A-545206D53AF9}"
EndProject
Project("{FAE04EC0-301F-11D3-BF4B-00C04F79EFBC}") = "WebAppProfilersSample.Data", "src\WebAppProfilersSample.Data\WebAppProfilersSample.Data.csproj", "{DF69EDB5-207B-4BB6-87FE-C1BD300408D2}"
EndProject
Global
	GlobalSection(SolutionConfigurationPlatforms) = preSolution
		Debug|Any CPU = Debug|Any CPU
		Debug|x64 = Debug|x64
		Debug|x86 = Debug|x86
		Release|Any CPU = Release|Any CPU
		Release|x64 = Release|x64
		Release|x86 = Release|x86
	EndGlobalSection
	GlobalSection(SolutionProperties) = preSolution
		HideSolutionNode = FALSE
	EndGlobalSection
	GlobalSection(ProjectConfigurationPlatforms) = postSolution
		{B522338D-8FA0-43C0-A8E3-3C0412A5FDD8}.Debug|Any CPU.ActiveCfg = Debug|Any CPU
		{B522338D-8FA0-43C0-A8E3-3C0412A5FDD8}.Debug|Any CPU.Build.0 = Debug|Any CPU
		{B522338D-8FA0-43C0-A8E3-3C0412A5FDD8}.Debug|x64.ActiveCfg = Debug|Any CPU
		{B522338D-8FA0-43C0-A8E3-3C0412A5FDD8}.Debug|x64.Build.0 = Debug|Any CPU
		{B522338D-8FA0-43C0-A8E3-3C0412A5FDD8}.Debug|x86.ActiveCfg = Debug|Any CPU
		{B522338D-8FA0-43C0-A8E3-3C0412A5FDD8}.Debug|x86.Build.0 = Debug|Any CPU
		{B522338D-8FA0-43C0-A8E3-3C0412A5FDD8}.Release|Any CPU.ActiveCfg = Release|Any CPU
		{B522338D-8FA0-43C0-A8E3-3C0412A5FDD8}.Release|Any CPU.Build.0 = Release|Any CPU
		{B522338D-8FA0-43C0-A8E3-3C0412A5FDD8}.Release|x64.ActiveCfg = Release|Any CPU
		{B522338D-8FA0-43C0-A8E3-3C0412A5FDD8}.Release|x64.Build.0 = Release|Any CPU
		{B522338D-8FA0-43C0-A8E3-3C0412A5FDD8}.Release|x86.ActiveCfg = Release|Any CPU
		{B522338D-8FA0-43C0-A8E3-3C0412A5FDD8}.Release|x86.Build.0 = Release|Any CPU
		{CC01480E-B00C-4FEC-9F2D-C940C91FC1DB}.Debug|Any CPU.ActiveCfg = Debug|Any CPU
		{CC01480E-B00C-4FEC-9F2D-C940C91FC1DB}.Debug|Any CPU.Build.0 = Debug|Any CPU
		{CC01480E-B00C-4FEC-9F2D-C940C91FC1DB}.Debug|x64.ActiveCfg = Debug|Any CPU
		{CC01480E-B00C-4FEC-9F2D-C940C91FC1DB}.Debug|x64.Build.0 = Debug|Any CPU
		{CC01480E-B00C-4FEC-9F2D-C940C91FC1DB}.Debug|x86.ActiveCfg = Debug|Any CPU
		{CC01480E-B00C-4FEC-9F2D-C940C91FC1DB}.Debug|x86.Build.0 = Debug|Any CPU
		{CC01480E-B00C-4FEC-9F2D-C940C91FC1DB}.Release|Any CPU.ActiveCfg = Release|Any CPU
		{CC01480E-B00C-4FEC-9F2D-C940C91FC1DB}.Release|Any CPU.Build.0 = Release|Any CPU
		{CC01480E-B00C-4FEC-9F2D-C940C91FC1DB}.Release|x64.ActiveCfg = Release|Any CPU
		{CC01480E-B00C-4FEC-9F2D-C940C91FC1DB}.Release|x64.Build.0 = Release|Any CPU
		{CC01480E-B00C-4FEC-9F2D-C940C91FC1DB}.Release|x86.ActiveCfg = Release|Any CPU
		{CC01480E-B00C-4FEC-9F2D-C940C91FC1DB}.Release|x86.Build.0 = Release|Any CPU
		{933F99BD-C332-43D1-AE9A-545206D53AF9}.Debug|Any CPU.ActiveCfg = Debug|Any CPU
		{933F99BD-C332-43D1-AE9A-545206D53AF9}.Debug|Any CPU.Build.0 = Debug|Any CPU
		{933F99BD-C332-43D1-AE9A-545206D53AF9}.Debug|x64.ActiveCfg = Debug|Any CPU
		{933F99BD-C332-43D1-AE9A-545206D53AF9}.Debug|x64.Build.0 = Debug|Any CPU
		{933F99BD-C332-43D1-AE9A-545206D53AF9}.Debug|x86.ActiveCfg = Debug|Any CPU
		{933F99BD-C332-43D1-AE9A-545206D53AF9}.Debug|x86.Build.0 = Debug|Any CPU
		{933F99BD-C332-43D1-AE9A-545206D53AF9}.Release|Any CPU.ActiveCfg = Release|Any CPU
		{933F99BD-C332-43D1-AE9A-545206D53AF9}.Release|Any CPU.Build.0 = Release|Any CPU
		{933F99BD-C332-43D1-AE9A-545206D53AF9}.Release|x64.ActiveCfg = Release|Any CPU
		{933F99BD-C332-43D1-AE9A-545206D53AF9}.Release|x64.Build.0 = Release|Any CPU
		{933F99BD-C332-43D1-AE9A-545206D53AF9}.Release|x86.ActiveCfg = Release|Any CPU
		{933F99BD-C332-43D1-AE9A-545206D53AF9}.Release|x86.Build.0 = Release|Any CPU
		{DF69EDB5-207B-4BB6-87FE-C1BD300408D2}.Debug|Any CPU.ActiveCfg = Debug|Any CPU
		{DF69EDB5-207B-4BB6-87FE-C1BD300408D2}.Debug|Any CPU.Build.0 = Debug|Any CPU
		{DF69EDB5-207B-4BB6-87FE-C1BD300408D2}.Debug|x64.ActiveCfg = Debug|Any CPU
		{DF69EDB5-207B-4BB6-87FE-C1BD300408D2}.Debug|x64.Build.0 = Debug|Any CPU
		{DF69EDB5-207B-4BB6-87FE-C1BD300408D2}.Debug|x86.ActiveCfg = Debug|Any CPU
		{DF69EDB5-207B-4BB6-87FE-C1BD300408D2}.Debug|x86.Build.0 = Debug|Any CPU
		{DF69EDB5-207B-4BB6-87FE-C1BD300408D2}.Release|Any CPU.ActiveCfg = Release|Any CPU
		{DF69EDB5-207B-4BB6-87FE-C1BD300408D2}.Release|Any CPU.Build.0 = Release|Any CPU
		{DF69EDB5-207B-4BB6-87FE-C1BD300408D2}.Release|x64.ActiveCfg = Release|Any CPU
		{DF69EDB5-207B-4BB6-87FE-C1BD300408D2}.Release|x64.Build.0 = Release|Any CPU
		{DF69EDB5-207B-4BB6-87FE-C1BD300408D2}.Release|x86.ActiveCfg = Release|Any CPU
		{DF69EDB5-207B-4BB6-87FE-C1BD300408D2}.Release|x86.Build.0 = Release|Any CPU
	EndGlobalSection
	GlobalSection(NestedProjects) = preSolution
		{B522338D-8FA0-43C0-A8E3-3C0412A5FDD8} = {DB06EFB9-F591-4706-A446-E4880E87A1C0}
		{CC01480E-B00C-4FEC-9F2D-C940C91FC1DB} = {DB06EFB9-F591-4706-A446-E4880E87A1C0}
		{933F99BD-C332-43D1-AE9A-545206D53AF9} = {DB06EFB9-F591-4706-A446-E4880E87A1C0}
		{DF69EDB5-207B-4BB6-87FE-C1BD300408D2} = {DB06EFB9-F591-4706-A446-E4880E87A1C0}
	EndGlobalSection
EndGlobal
